
Microsoft Visual Studio Solution File, Format Version 12.00
# Visual Studio Version 17
VisualStudioVersion = 17.7.34031.279
MinimumVisualStudioVersion = 10.0.40219.1
Project("{FAE04EC0-301F-11D3-BF4B-00C04F79EFBC}") = "d3moAPI", "d3moAPI.csproj", "{72CFB96E-FFA1-4FA4-9D37-ADBADDA4595E}"
EndProject
Global
	GlobalSection(SolutionConfigurationPlatforms) = preSolution
		Debug|Any CPU = Debug|Any CPU
		Release|Any CPU = Release|Any CPU
	EndGlobalSection
	GlobalSection(ProjectConfigurationPlatforms) = postSolution
		{72CFB96E-FFA1-4FA4-9D37-ADBADDA4595E}.Debug|Any CPU.ActiveCfg = Debug|Any CPU
		{72CFB96E-FFA1-4FA4-9D37-ADBADDA4595E}.Debug|Any CPU.Build.0 = Debug|Any CPU
		{72CFB96E-FFA1-4FA4-9D37-ADBADDA4595E}.Release|Any CPU.ActiveCfg = Release|Any CPU
		{72CFB96E-FFA1-4FA4-9D37-ADBADDA4595E}.Release|Any CPU.Build.0 = Release|Any CPU
	EndGlobalSection
	GlobalSection(SolutionProperties) = preSolution
		HideSolutionNode = FALSE
	EndGlobalSection
	GlobalSection(ExtensibilityGlobals) = postSolution
		SolutionGuid = {1DFF8DE5-58A7-4548-9728-053B8EE08D8B}
	EndGlobalSection
EndGlobal
